
Microsoft Visual Studio Solution File, Format Version 12.00
# Visual Studio Version 17
VisualStudioVersion = 17.11.35431.28
MinimumVisualStudioVersion = 10.0.40219.1
Project("{FAE04EC0-301F-11D3-BF4B-00C04F79EFBC}") = "RealTimeChatApp", "RealTimeChatApp.csproj", "{3505CC32-5D14-4637-804C-62601BCDC579}"
EndProject
Global
	GlobalSection(SolutionConfigurationPlatforms) = preSolution
		Debug|Any CPU = Debug|Any CPU
		Release|Any CPU = Release|Any CPU
	EndGlobalSection
	GlobalSection(ProjectConfigurationPlatforms) = postSolution
		{3505CC32-5D14-4637-804C-62601BCDC579}.Debug|Any CPU.ActiveCfg = Debug|Any CPU
		{3505CC32-5D14-4637-804C-62601BCDC579}.Debug|Any CPU.Build.0 = Debug|Any CPU
		{3505CC32-5D14-4637-804C-62601BCDC579}.Release|Any CPU.ActiveCfg = Release|Any CPU
		{3505CC32-5D14-4637-804C-62601BCDC579}.Release|Any CPU.Build.0 = Release|Any CPU
	EndGlobalSection
	GlobalSection(SolutionProperties) = preSolution
		HideSolutionNode = FALSE
	EndGlobalSection
	GlobalSection(ExtensibilityGlobals) = postSolution
		SolutionGuid = {4AEAD12F-1D9D-4E2B-85E0-F3FCDEE87D79}
	EndGlobalSection
EndGlobal
